// !$*UTF8*$!
{
	archiveVersion = 1;
	classes = {
	};
	objectVersion = 55;
	objects = {

/* Begin PBXBuildFile section */
		11004DE9280A143E008C2E8B /* SmokeOut WatchKit Extension.appex in Embed App Extensions */ = {isa = PBXBuildFile; fileRef = 3989C2BD2809FAA8003AFAD1 /* SmokeOut WatchKit Extension.appex */; settings = {ATTRIBUTES = (RemoveHeadersOnCopy, ); }; };
		3989C29F2809FAA5003AFAD1 /* AppDelegate.swift in Sources */ = {isa = PBXBuildFile; fileRef = 3989C29E2809FAA5003AFAD1 /* AppDelegate.swift */; };
		3989C2A12809FAA5003AFAD1 /* SceneDelegate.swift in Sources */ = {isa = PBXBuildFile; fileRef = 3989C2A02809FAA5003AFAD1 /* SceneDelegate.swift */; };
		3989C2A32809FAA5003AFAD1 /* ViewController.swift in Sources */ = {isa = PBXBuildFile; fileRef = 3989C2A22809FAA5003AFAD1 /* ViewController.swift */; };
		3989C2A62809FAA5003AFAD1 /* Main.storyboard in Resources */ = {isa = PBXBuildFile; fileRef = 3989C2A42809FAA5003AFAD1 /* Main.storyboard */; };
		3989C2A82809FAA6003AFAD1 /* Assets.xcassets in Resources */ = {isa = PBXBuildFile; fileRef = 3989C2A72809FAA6003AFAD1 /* Assets.xcassets */; };
		3989C2AB2809FAA6003AFAD1 /* LaunchScreen.storyboard in Resources */ = {isa = PBXBuildFile; fileRef = 3989C2A92809FAA6003AFAD1 /* LaunchScreen.storyboard */; };
		3989C2B02809FAA7003AFAD1 /* SmokeOut WatchKit App.app in Embed Watch Content */ = {isa = PBXBuildFile; fileRef = 3989C2AF2809FAA7003AFAD1 /* SmokeOut WatchKit App.app */; settings = {ATTRIBUTES = (RemoveHeadersOnCopy, ); }; };
		3989C2B62809FAA7003AFAD1 /* Interface.storyboard in Resources */ = {isa = PBXBuildFile; fileRef = 3989C2B42809FAA7003AFAD1 /* Interface.storyboard */; };
		3989C2B82809FAA8003AFAD1 /* Assets.xcassets in Resources */ = {isa = PBXBuildFile; fileRef = 3989C2B72809FAA8003AFAD1 /* Assets.xcassets */; };
		3989C2C32809FAA8003AFAD1 /* InterfaceController.swift in Sources */ = {isa = PBXBuildFile; fileRef = 3989C2C22809FAA8003AFAD1 /* InterfaceController.swift */; };
		3989C2C52809FAA8003AFAD1 /* ExtensionDelegate.swift in Sources */ = {isa = PBXBuildFile; fileRef = 3989C2C42809FAA8003AFAD1 /* ExtensionDelegate.swift */; };
		3989C2C72809FAA8003AFAD1 /* NotificationController.swift in Sources */ = {isa = PBXBuildFile; fileRef = 3989C2C62809FAA8003AFAD1 /* NotificationController.swift */; };
		3989C2C92809FAA8003AFAD1 /* ComplicationController.swift in Sources */ = {isa = PBXBuildFile; fileRef = 3989C2C82809FAA8003AFAD1 /* ComplicationController.swift */; };
		3989C2CB2809FAA9003AFAD1 /* Assets.xcassets in Resources */ = {isa = PBXBuildFile; fileRef = 3989C2CA2809FAA9003AFAD1 /* Assets.xcassets */; };
/* End PBXBuildFile section */

/* Begin PBXContainerItemProxy section */
		3989C2B12809FAA7003AFAD1 /* PBXContainerItemProxy */ = {
			isa = PBXContainerItemProxy;
			containerPortal = 3989C2932809FAA5003AFAD1 /* Project object */;
			proxyType = 1;
			remoteGlobalIDString = 3989C2AE2809FAA7003AFAD1;
			remoteInfo = "SmokeOut WatchKit App";
		};
		3989C2BF2809FAA8003AFAD1 /* PBXContainerItemProxy */ = {
			isa = PBXContainerItemProxy;
			containerPortal = 3989C2932809FAA5003AFAD1 /* Project object */;
			proxyType = 1;
			remoteGlobalIDString = 3989C2BC2809FAA8003AFAD1;
			remoteInfo = "SmokeOut WatchKit Extension";
		};
/* End PBXContainerItemProxy section */

/* Begin PBXCopyFilesBuildPhase section */
		11004DEC280A143E008C2E8B /* Embed App Extensions */ = {
			isa = PBXCopyFilesBuildPhase;
			buildActionMask = 2147483647;
			dstPath = "";
			dstSubfolderSpec = 13;
			files = (
				11004DE9280A143E008C2E8B /* SmokeOut WatchKit Extension.appex in Embed App Extensions */,
			);
			name = "Embed App Extensions";
			runOnlyForDeploymentPostprocessing = 0;
		};
		3989C2D72809FAA9003AFAD1 /* Embed Watch Content */ = {
			isa = PBXCopyFilesBuildPhase;
			buildActionMask = 2147483647;
			dstPath = "$(CONTENTS_FOLDER_PATH)/Watch";
			dstSubfolderSpec = 16;
			files = (
				3989C2B02809FAA7003AFAD1 /* SmokeOut WatchKit App.app in Embed Watch Content */,
			);
			name = "Embed Watch Content";
			runOnlyForDeploymentPostprocessing = 0;
		};
/* End PBXCopyFilesBuildPhase section */

/* Begin PBXFileReference section */
		3989C29B2809FAA5003AFAD1 /* SmokeOut.app */ = {isa = PBXFileReference; explicitFileType = wrapper.application; includeInIndex = 0; path = SmokeOut.app; sourceTree = BUILT_PRODUCTS_DIR; };
		3989C29E2809FAA5003AFAD1 /* AppDelegate.swift */ = {isa = PBXFileReference; lastKnownFileType = sourcecode.swift; path = AppDelegate.swift; sourceTree = "<group>"; };
		3989C2A02809FAA5003AFAD1 /* SceneDelegate.swift */ = {isa = PBXFileReference; lastKnownFileType = sourcecode.swift; path = SceneDelegate.swift; sourceTree = "<group>"; };
		3989C2A22809FAA5003AFAD1 /* ViewController.swift */ = {isa = PBXFileReference; lastKnownFileType = sourcecode.swift; path = ViewController.swift; sourceTree = "<group>"; };
		3989C2A52809FAA5003AFAD1 /* Base */ = {isa = PBXFileReference; lastKnownFileType = file.storyboard; name = Base; path = Base.lproj/Main.storyboard; sourceTree = "<group>"; };
		3989C2A72809FAA6003AFAD1 /* Assets.xcassets */ = {isa = PBXFileReference; lastKnownFileType = folder.assetcatalog; path = Assets.xcassets; sourceTree = "<group>"; };
		3989C2AA2809FAA6003AFAD1 /* Base */ = {isa = PBXFileReference; lastKnownFileType = file.storyboard; name = Base; path = Base.lproj/LaunchScreen.storyboard; sourceTree = "<group>"; };
		3989C2AC2809FAA6003AFAD1 /* Info.plist */ = {isa = PBXFileReference; lastKnownFileType = text.plist.xml; path = Info.plist; sourceTree = "<group>"; };
		3989C2AF2809FAA7003AFAD1 /* SmokeOut WatchKit App.app */ = {isa = PBXFileReference; explicitFileType = wrapper.application; includeInIndex = 0; path = "SmokeOut WatchKit App.app"; sourceTree = BUILT_PRODUCTS_DIR; };
		3989C2B52809FAA7003AFAD1 /* Base */ = {isa = PBXFileReference; lastKnownFileType = file.storyboard; name = Base; path = Base.lproj/Interface.storyboard; sourceTree = "<group>"; };
		3989C2B72809FAA8003AFAD1 /* Assets.xcassets */ = {isa = PBXFileReference; lastKnownFileType = folder.assetcatalog; path = Assets.xcassets; sourceTree = "<group>"; };
		3989C2BD2809FAA8003AFAD1 /* SmokeOut WatchKit Extension.appex */ = {isa = PBXFileReference; explicitFileType = "wrapper.app-extension"; includeInIndex = 0; path = "SmokeOut WatchKit Extension.appex"; sourceTree = BUILT_PRODUCTS_DIR; };
		3989C2C22809FAA8003AFAD1 /* InterfaceController.swift */ = {isa = PBXFileReference; lastKnownFileType = sourcecode.swift; path = InterfaceController.swift; sourceTree = "<group>"; };
		3989C2C42809FAA8003AFAD1 /* ExtensionDelegate.swift */ = {isa = PBXFileReference; lastKnownFileType = sourcecode.swift; path = ExtensionDelegate.swift; sourceTree = "<group>"; };
		3989C2C62809FAA8003AFAD1 /* NotificationController.swift */ = {isa = PBXFileReference; lastKnownFileType = sourcecode.swift; path = NotificationController.swift; sourceTree = "<group>"; };
		3989C2C82809FAA8003AFAD1 /* ComplicationController.swift */ = {isa = PBXFileReference; lastKnownFileType = sourcecode.swift; path = ComplicationController.swift; sourceTree = "<group>"; };
		3989C2CA2809FAA9003AFAD1 /* Assets.xcassets */ = {isa = PBXFileReference; lastKnownFileType = folder.assetcatalog; path = Assets.xcassets; sourceTree = "<group>"; };
		3989C2CC2809FAA9003AFAD1 /* Info.plist */ = {isa = PBXFileReference; lastKnownFileType = text.plist.xml; path = Info.plist; sourceTree = "<group>"; };
		3989C2CD2809FAA9003AFAD1 /* PushNotificationPayload.apns */ = {isa = PBXFileReference; lastKnownFileType = text; path = PushNotificationPayload.apns; sourceTree = "<group>"; };
/* End PBXFileReference section */

/* Begin PBXFrameworksBuildPhase section */
		3989C2982809FAA5003AFAD1 /* Frameworks */ = {
			isa = PBXFrameworksBuildPhase;
			buildActionMask = 2147483647;
			files = (
			);
			runOnlyForDeploymentPostprocessing = 0;
		};
		3989C2BA2809FAA8003AFAD1 /* Frameworks */ = {
			isa = PBXFrameworksBuildPhase;
			buildActionMask = 2147483647;
			files = (
			);
			runOnlyForDeploymentPostprocessing = 0;
		};
/* End PBXFrameworksBuildPhase section */

/* Begin PBXGroup section */
		11004DE8280A143E008C2E8B /* Frameworks */ = {
			isa = PBXGroup;
			children = (
			);
			name = Frameworks;
			sourceTree = "<group>";
		};
		3989C2922809FAA5003AFAD1 = {
			isa = PBXGroup;
			children = (
				3989C29D2809FAA5003AFAD1 /* SmokeOut */,
				3989C2B32809FAA7003AFAD1 /* SmokeOut WatchKit App */,
				3989C2C12809FAA8003AFAD1 /* SmokeOut WatchKit Extension */,
				3989C29C2809FAA5003AFAD1 /* Products */,
				11004DE8280A143E008C2E8B /* Frameworks */,
			);
			sourceTree = "<group>";
		};
		3989C29C2809FAA5003AFAD1 /* Products */ = {
			isa = PBXGroup;
			children = (
				3989C29B2809FAA5003AFAD1 /* SmokeOut.app */,
				3989C2AF2809FAA7003AFAD1 /* SmokeOut WatchKit App.app */,
				3989C2BD2809FAA8003AFAD1 /* SmokeOut WatchKit Extension.appex */,
			);
			name = Products;
			sourceTree = "<group>";
		};
		3989C29D2809FAA5003AFAD1 /* SmokeOut */ = {
			isa = PBXGroup;
			children = (
				3989C29E2809FAA5003AFAD1 /* AppDelegate.swift */,
				3989C2A02809FAA5003AFAD1 /* SceneDelegate.swift */,
				3989C2A22809FAA5003AFAD1 /* ViewController.swift */,
				3989C2A42809FAA5003AFAD1 /* Main.storyboard */,
				3989C2A72809FAA6003AFAD1 /* Assets.xcassets */,
				3989C2A92809FAA6003AFAD1 /* LaunchScreen.storyboard */,
				3989C2AC2809FAA6003AFAD1 /* Info.plist */,
			);
			path = SmokeOut;
			sourceTree = "<group>";
		};
		3989C2B32809FAA7003AFAD1 /* SmokeOut WatchKit App */ = {
			isa = PBXGroup;
			children = (
				3989C2B42809FAA7003AFAD1 /* Interface.storyboard */,
				3989C2B72809FAA8003AFAD1 /* Assets.xcassets */,
			);
			path = "SmokeOut WatchKit App";
			sourceTree = "<group>";
		};
		3989C2C12809FAA8003AFAD1 /* SmokeOut WatchKit Extension */ = {
			isa = PBXGroup;
			children = (
				3989C2C22809FAA8003AFAD1 /* InterfaceController.swift */,
				3989C2C42809FAA8003AFAD1 /* ExtensionDelegate.swift */,
				3989C2C62809FAA8003AFAD1 /* NotificationController.swift */,
				3989C2C82809FAA8003AFAD1 /* ComplicationController.swift */,
				3989C2CA2809FAA9003AFAD1 /* Assets.xcassets */,
				3989C2CC2809FAA9003AFAD1 /* Info.plist */,
				3989C2CD2809FAA9003AFAD1 /* PushNotificationPayload.apns */,
			);
			path = "SmokeOut WatchKit Extension";
			sourceTree = "<group>";
		};
/* End PBXGroup section */

/* Begin PBXNativeTarget section */
		3989C29A2809FAA5003AFAD1 /* SmokeOut */ = {
			isa = PBXNativeTarget;
			buildConfigurationList = 3989C2D82809FAA9003AFAD1 /* Build configuration list for PBXNativeTarget "SmokeOut" */;
			buildPhases = (
				3989C2972809FAA5003AFAD1 /* Sources */,
				3989C2982809FAA5003AFAD1 /* Frameworks */,
				3989C2992809FAA5003AFAD1 /* Resources */,
				3989C2D72809FAA9003AFAD1 /* Embed Watch Content */,
			);
			buildRules = (
			);
			dependencies = (
				3989C2B22809FAA7003AFAD1 /* PBXTargetDependency */,
			);
			name = SmokeOut;
			productName = SmokeOut;
			productReference = 3989C29B2809FAA5003AFAD1 /* SmokeOut.app */;
			productType = "com.apple.product-type.application";
		};
		3989C2AE2809FAA7003AFAD1 /* SmokeOut WatchKit App */ = {
			isa = PBXNativeTarget;
			buildConfigurationList = 3989C2D42809FAA9003AFAD1 /* Build configuration list for PBXNativeTarget "SmokeOut WatchKit App" */;
			buildPhases = (
				3989C2AD2809FAA7003AFAD1 /* Resources */,
				11004DEC280A143E008C2E8B /* Embed App Extensions */,
			);
			buildRules = (
			);
			dependencies = (
				3989C2C02809FAA8003AFAD1 /* PBXTargetDependency */,
			);
			name = "SmokeOut WatchKit App";
			productName = "SmokeOut WatchKit App";
			productReference = 3989C2AF2809FAA7003AFAD1 /* SmokeOut WatchKit App.app */;
			productType = "com.apple.product-type.application.watchapp2";
		};
		3989C2BC2809FAA8003AFAD1 /* SmokeOut WatchKit Extension */ = {
			isa = PBXNativeTarget;
			buildConfigurationList = 3989C2D02809FAA9003AFAD1 /* Build configuration list for PBXNativeTarget "SmokeOut WatchKit Extension" */;
			buildPhases = (
				3989C2B92809FAA8003AFAD1 /* Sources */,
				3989C2BA2809FAA8003AFAD1 /* Frameworks */,
				3989C2BB2809FAA8003AFAD1 /* Resources */,
			);
			buildRules = (
			);
			dependencies = (
			);
			name = "SmokeOut WatchKit Extension";
			productName = "SmokeOut WatchKit Extension";
			productReference = 3989C2BD2809FAA8003AFAD1 /* SmokeOut WatchKit Extension.appex */;
			productType = "com.apple.product-type.watchkit2-extension";
		};
/* End PBXNativeTarget section */

/* Begin PBXProject section */
		3989C2932809FAA5003AFAD1 /* Project object */ = {
			isa = PBXProject;
			attributes = {
				BuildIndependentTargetsInParallel = 1;
				LastSwiftUpdateCheck = 1320;
				LastUpgradeCheck = 1320;
				TargetAttributes = {
					3989C29A2809FAA5003AFAD1 = {
						CreatedOnToolsVersion = 13.2.1;
					};
					3989C2AE2809FAA7003AFAD1 = {
						CreatedOnToolsVersion = 13.2.1;
					};
					3989C2BC2809FAA8003AFAD1 = {
						CreatedOnToolsVersion = 13.2.1;
					};
				};
			};
			buildConfigurationList = 3989C2962809FAA5003AFAD1 /* Build configuration list for PBXProject "SmokeOut" */;
			compatibilityVersion = "Xcode 13.0";
			developmentRegion = en;
			hasScannedForEncodings = 0;
			knownRegions = (
				en,
				Base,
			);
			mainGroup = 3989C2922809FAA5003AFAD1;
			productRefGroup = 3989C29C2809FAA5003AFAD1 /* Products */;
			projectDirPath = "";
			projectRoot = "";
			targets = (
				3989C29A2809FAA5003AFAD1 /* SmokeOut */,
				3989C2AE2809FAA7003AFAD1 /* SmokeOut WatchKit App */,
				3989C2BC2809FAA8003AFAD1 /* SmokeOut WatchKit Extension */,
			);
		};
/* End PBXProject section */

/* Begin PBXResourcesBuildPhase section */
		3989C2992809FAA5003AFAD1 /* Resources */ = {
			isa = PBXResourcesBuildPhase;
			buildActionMask = 2147483647;
			files = (
				3989C2AB2809FAA6003AFAD1 /* LaunchScreen.storyboard in Resources */,
				3989C2A82809FAA6003AFAD1 /* Assets.xcassets in Resources */,
				3989C2A62809FAA5003AFAD1 /* Main.storyboard in Resources */,
			);
			runOnlyForDeploymentPostprocessing = 0;
		};
		3989C2AD2809FAA7003AFAD1 /* Resources */ = {
			isa = PBXResourcesBuildPhase;
			buildActionMask = 2147483647;
			files = (
				3989C2B82809FAA8003AFAD1 /* Assets.xcassets in Resources */,
				3989C2B62809FAA7003AFAD1 /* Interface.storyboard in Resources */,
			);
			runOnlyForDeploymentPostprocessing = 0;
		};
		3989C2BB2809FAA8003AFAD1 /* Resources */ = {
			isa = PBXResourcesBuildPhase;
			buildActionMask = 2147483647;
			files = (
				3989C2CB2809FAA9003AFAD1 /* Assets.xcassets in Resources */,
			);
			runOnlyForDeploymentPostprocessing = 0;
		};
/* End PBXResourcesBuildPhase section */

/* Begin PBXSourcesBuildPhase section */
		3989C2972809FAA5003AFAD1 /* Sources */ = {
			isa = PBXSourcesBuildPhase;
			buildActionMask = 2147483647;
			files = (
				3989C2A32809FAA5003AFAD1 /* ViewController.swift in Sources */,
				3989C29F2809FAA5003AFAD1 /* AppDelegate.swift in Sources */,
				3989C2A12809FAA5003AFAD1 /* SceneDelegate.swift in Sources */,
			);
			runOnlyForDeploymentPostprocessing = 0;
		};
		3989C2B92809FAA8003AFAD1 /* Sources */ = {
			isa = PBXSourcesBuildPhase;
			buildActionMask = 2147483647;
			files = (
				3989C2C72809FAA8003AFAD1 /* NotificationController.swift in Sources */,
				3989C2C92809FAA8003AFAD1 /* ComplicationController.swift in Sources */,
				3989C2C52809FAA8003AFAD1 /* ExtensionDelegate.swift in Sources */,
				3989C2C32809FAA8003AFAD1 /* InterfaceController.swift in Sources */,
			);
			runOnlyForDeploymentPostprocessing = 0;
		};
/* End PBXSourcesBuildPhase section */

/* Begin PBXTargetDependency section */
		3989C2B22809FAA7003AFAD1 /* PBXTargetDependency */ = {
			isa = PBXTargetDependency;
			target = 3989C2AE2809FAA7003AFAD1 /* SmokeOut WatchKit App */;
			targetProxy = 3989C2B12809FAA7003AFAD1 /* PBXContainerItemProxy */;
		};
		3989C2C02809FAA8003AFAD1 /* PBXTargetDependency */ = {
			isa = PBXTargetDependency;
			target = 3989C2BC2809FAA8003AFAD1 /* SmokeOut WatchKit Extension */;
			targetProxy = 3989C2BF2809FAA8003AFAD1 /* PBXContainerItemProxy */;
		};
/* End PBXTargetDependency section */

/* Begin PBXVariantGroup section */
		3989C2A42809FAA5003AFAD1 /* Main.storyboard */ = {
			isa = PBXVariantGroup;
			children = (
				3989C2A52809FAA5003AFAD1 /* Base */,
			);
			name = Main.storyboard;
			sourceTree = "<group>";
		};
		3989C2A92809FAA6003AFAD1 /* LaunchScreen.storyboard */ = {
			isa = PBXVariantGroup;
			children = (
				3989C2AA2809FAA6003AFAD1 /* Base */,
			);
			name = LaunchScreen.storyboard;
			sourceTree = "<group>";
		};
		3989C2B42809FAA7003AFAD1 /* Interface.storyboard */ = {
			isa = PBXVariantGroup;
			children = (
				3989C2B52809FAA7003AFAD1 /* Base */,
			);
			name = Interface.storyboard;
			sourceTree = "<group>";
		};
/* End PBXVariantGroup section */

/* Begin XCBuildConfiguration section */
		3989C2CE2809FAA9003AFAD1 /* Debug */ = {
			isa = XCBuildConfiguration;
			buildSettings = {
				ALWAYS_SEARCH_USER_PATHS = NO;
				CLANG_ANALYZER_NONNULL = YES;
				CLANG_ANALYZER_NUMBER_OBJECT_CONVERSION = YES_AGGRESSIVE;
				CLANG_CXX_LANGUAGE_STANDARD = "gnu++17";
				CLANG_CXX_LIBRARY = "libc++";
				CLANG_ENABLE_MODULES = YES;
				CLANG_ENABLE_OBJC_ARC = YES;
				CLANG_ENABLE_OBJC_WEAK = YES;
				CLANG_WARN_BLOCK_CAPTURE_AUTORELEASING = YES;
				CLANG_WARN_BOOL_CONVERSION = YES;
				CLANG_WARN_COMMA = YES;
				CLANG_WARN_CONSTANT_CONVERSION = YES;
				CLANG_WARN_DEPRECATED_OBJC_IMPLEMENTATIONS = YES;
				CLANG_WARN_DIRECT_OBJC_ISA_USAGE = YES_ERROR;
				CLANG_WARN_DOCUMENTATION_COMMENTS = YES;
				CLANG_WARN_EMPTY_BODY = YES;
				CLANG_WARN_ENUM_CONVERSION = YES;
				CLANG_WARN_INFINITE_RECURSION = YES;
				CLANG_WARN_INT_CONVERSION = YES;
				CLANG_WARN_NON_LITERAL_NULL_CONVERSION = YES;
				CLANG_WARN_OBJC_IMPLICIT_RETAIN_SELF = YES;
				CLANG_WARN_OBJC_LITERAL_CONVERSION = YES;
				CLANG_WARN_OBJC_ROOT_CLASS = YES_ERROR;
				CLANG_WARN_QUOTED_INCLUDE_IN_FRAMEWORK_HEADER = YES;
				CLANG_WARN_RANGE_LOOP_ANALYSIS = YES;
				CLANG_WARN_STRICT_PROTOTYPES = YES;
				CLANG_WARN_SUSPICIOUS_MOVE = YES;
				CLANG_WARN_UNGUARDED_AVAILABILITY = YES_AGGRESSIVE;
				CLANG_WARN_UNREACHABLE_CODE = YES;
				CLANG_WARN__DUPLICATE_METHOD_MATCH = YES;
				COPY_PHASE_STRIP = NO;
				DEBUG_INFORMATION_FORMAT = dwarf;
				ENABLE_STRICT_OBJC_MSGSEND = YES;
				ENABLE_TESTABILITY = YES;
				GCC_C_LANGUAGE_STANDARD = gnu11;
				GCC_DYNAMIC_NO_PIC = NO;
				GCC_NO_COMMON_BLOCKS = YES;
				GCC_OPTIMIZATION_LEVEL = 0;
				GCC_PREPROCESSOR_DEFINITIONS = (
					"DEBUG=1",
					"$(inherited)",
				);
				GCC_WARN_64_TO_32_BIT_CONVERSION = YES;
				GCC_WARN_ABOUT_RETURN_TYPE = YES_ERROR;
				GCC_WARN_UNDECLARED_SELECTOR = YES;
				GCC_WARN_UNINITIALIZED_AUTOS = YES_AGGRESSIVE;
				GCC_WARN_UNUSED_FUNCTION = YES;
				GCC_WARN_UNUSED_VARIABLE = YES;
				MTL_ENABLE_DEBUG_INFO = INCLUDE_SOURCE;
				MTL_FAST_MATH = YES;
				ONLY_ACTIVE_ARCH = YES;
				SWIFT_ACTIVE_COMPILATION_CONDITIONS = DEBUG;
				SWIFT_OPTIMIZATION_LEVEL = "-Onone";
			};
			name = Debug;
		};
		3989C2CF2809FAA9003AFAD1 /* Release */ = {
			isa = XCBuildConfiguration;
			buildSettings = {
				ALWAYS_SEARCH_USER_PATHS = NO;
				CLANG_ANALYZER_NONNULL = YES;
				CLANG_ANALYZER_NUMBER_OBJECT_CONVERSION = YES_AGGRESSIVE;
				CLANG_CXX_LANGUAGE_STANDARD = "gnu++17";
				CLANG_CXX_LIBRARY = "libc++";
				CLANG_ENABLE_MODULES = YES;
				CLANG_ENABLE_OBJC_ARC = YES;
				CLANG_ENABLE_OBJC_WEAK = YES;
				CLANG_WARN_BLOCK_CAPTURE_AUTORELEASING = YES;
				CLANG_WARN_BOOL_CONVERSION = YES;
				CLANG_WARN_COMMA = YES;
				CLANG_WARN_CONSTANT_CONVERSION = YES;
				CLANG_WARN_DEPRECATED_OBJC_IMPLEMENTATIONS = YES;
				CLANG_WARN_DIRECT_OBJC_ISA_USAGE = YES_ERROR;
				CLANG_WARN_DOCUMENTATION_COMMENTS = YES;
				CLANG_WARN_EMPTY_BODY = YES;
				CLANG_WARN_ENUM_CONVERSION = YES;
				CLANG_WARN_INFINITE_RECURSION = YES;
				CLANG_WARN_INT_CONVERSION = YES;
				CLANG_WARN_NON_LITERAL_NULL_CONVERSION = YES;
				CLANG_WARN_OBJC_IMPLICIT_RETAIN_SELF = YES;
				CLANG_WARN_OBJC_LITERAL_CONVERSION = YES;
				CLANG_WARN_OBJC_ROOT_CLASS = YES_ERROR;
				CLANG_WARN_QUOTED_INCLUDE_IN_FRAMEWORK_HEADER = YES;
				CLANG_WARN_RANGE_LOOP_ANALYSIS = YES;
				CLANG_WARN_STRICT_PROTOTYPES = YES;
				CLANG_WARN_SUSPICIOUS_MOVE = YES;
				CLANG_WARN_UNGUARDED_AVAILABILITY = YES_AGGRESSIVE;
				CLANG_WARN_UNREACHABLE_CODE = YES;
				CLANG_WARN__DUPLICATE_METHOD_MATCH = YES;
				COPY_PHASE_STRIP = NO;
				DEBUG_INFORMATION_FORMAT = "dwarf-with-dsym";
				ENABLE_NS_ASSERTIONS = NO;
				ENABLE_STRICT_OBJC_MSGSEND = YES;
				GCC_C_LANGUAGE_STANDARD = gnu11;
				GCC_NO_COMMON_BLOCKS = YES;
				GCC_WARN_64_TO_32_BIT_CONVERSION = YES;
				GCC_WARN_ABOUT_RETURN_TYPE = YES_ERROR;
				GCC_WARN_UNDECLARED_SELECTOR = YES;
				GCC_WARN_UNINITIALIZED_AUTOS = YES_AGGRESSIVE;
				GCC_WARN_UNUSED_FUNCTION = YES;
				GCC_WARN_UNUSED_VARIABLE = YES;
				MTL_ENABLE_DEBUG_INFO = NO;
				MTL_FAST_MATH = YES;
				SWIFT_COMPILATION_MODE = wholemodule;
				SWIFT_OPTIMIZATION_LEVEL = "-O";
			};
			name = Release;
		};
		3989C2D12809FAA9003AFAD1 /* Debug */ = {
			isa = XCBuildConfiguration;
			buildSettings = {
				ASSETCATALOG_COMPILER_COMPLICATION_NAME = Complication;
				CODE_SIGN_STYLE = Automatic;
				CURRENT_PROJECT_VERSION = 1;
				DEVELOPMENT_TEAM = D97HLWHSV2;
				GENERATE_INFOPLIST_FILE = YES;
				INFOPLIST_FILE = "SmokeOut WatchKit Extension/Info.plist";
				INFOPLIST_KEY_CFBundleDisplayName = "SmokeOut WatchKit Extension";
				INFOPLIST_KEY_CLKComplicationPrincipalClass = SmokeOut_WatchKit_Extension.ComplicationController;
				INFOPLIST_KEY_NSHumanReadableCopyright = "";
				INFOPLIST_KEY_WKExtensionDelegateClassName = SmokeOut_WatchKit_Extension.ExtensionDelegate;
				INFOPLIST_KEY_WKRunsIndependentlyOfCompanionApp = YES;
				LD_RUNPATH_SEARCH_PATHS = (
					"$(inherited)",
					"@executable_path/Frameworks",
					"@executable_path/../../Frameworks",
				);
				MARKETING_VERSION = 1.0;
				PRODUCT_BUNDLE_IDENTIFIER = daniel.SmokeOut.watchkitapp.watchkitextension;
				PRODUCT_NAME = "${TARGET_NAME}";
				SDKROOT = watchos;
				SKIP_INSTALL = YES;
				SWIFT_EMIT_LOC_STRINGS = YES;
				SWIFT_VERSION = 5.0;
				TARGETED_DEVICE_FAMILY = 4;
				WATCHOS_DEPLOYMENT_TARGET = 7.0;
			};
			name = Debug;
		};
		3989C2D22809FAA9003AFAD1 /* Release */ = {
			isa = XCBuildConfiguration;
			buildSettings = {
				ASSETCATALOG_COMPILER_COMPLICATION_NAME = Complication;
				CODE_SIGN_STYLE = Automatic;
				CURRENT_PROJECT_VERSION = 1;
				DEVELOPMENT_TEAM = D97HLWHSV2;
				GENERATE_INFOPLIST_FILE = YES;
				INFOPLIST_FILE = "SmokeOut WatchKit Extension/Info.plist";
				INFOPLIST_KEY_CFBundleDisplayName = "SmokeOut WatchKit Extension";
				INFOPLIST_KEY_CLKComplicationPrincipalClass = SmokeOut_WatchKit_Extension.ComplicationController;
				INFOPLIST_KEY_NSHumanReadableCopyright = "";
				INFOPLIST_KEY_WKExtensionDelegateClassName = SmokeOut_WatchKit_Extension.ExtensionDelegate;
				INFOPLIST_KEY_WKRunsIndependentlyOfCompanionApp = YES;
				LD_RUNPATH_SEARCH_PATHS = (
					"$(inherited)",
					"@executable_path/Frameworks",
					"@executable_path/../../Frameworks",
				);
				MARKETING_VERSION = 1.0;
				PRODUCT_BUNDLE_IDENTIFIER = daniel.SmokeOut.watchkitapp.watchkitextension;
				PRODUCT_NAME = "${TARGET_NAME}";
				SDKROOT = watchos;
				SKIP_INSTALL = YES;
				SWIFT_EMIT_LOC_STRINGS = YES;
				SWIFT_VERSION = 5.0;
				TARGETED_DEVICE_FAMILY = 4;
				VALIDATE_PRODUCT = YES;
				WATCHOS_DEPLOYMENT_TARGET = 7.0;
			};
			name = Release;
		};
		3989C2D52809FAA9003AFAD1 /* Debug */ = {
			isa = XCBuildConfiguration;
			buildSettings = {
				ALWAYS_EMBED_SWIFT_STANDARD_LIBRARIES = YES;
				ASSETCATALOG_COMPILER_APPICON_NAME = AppIcon;
				ASSETCATALOG_COMPILER_GLOBAL_ACCENT_COLOR_NAME = AccentColor;
				CODE_SIGN_STYLE = Automatic;
				CURRENT_PROJECT_VERSION = 1;
				DEVELOPMENT_TEAM = D97HLWHSV2;
				GENERATE_INFOPLIST_FILE = YES;
				IBSC_MODULE = SmokeOut_WatchKit_Extension;
				INFOPLIST_KEY_CFBundleDisplayName = "SmokeOut WatchKit App";
				INFOPLIST_KEY_UISupportedInterfaceOrientations = "UIInterfaceOrientationPortrait UIInterfaceOrientationPortraitUpsideDown";
				INFOPLIST_KEY_WKCompanionAppBundleIdentifier = daniel.SmokeOut;
				MARKETING_VERSION = 1.0;
				PRODUCT_BUNDLE_IDENTIFIER = daniel.SmokeOut.watchkitapp;
				PRODUCT_NAME = "$(TARGET_NAME)";
				SDKROOT = watchos;
				SKIP_INSTALL = YES;
				SWIFT_EMIT_LOC_STRINGS = YES;
				SWIFT_VERSION = 5.0;
				TARGETED_DEVICE_FAMILY = 4;
				WATCHOS_DEPLOYMENT_TARGET = 7.0;
			};
			name = Debug;
		};
		3989C2D62809FAA9003AFAD1 /* Release */ = {
			isa = XCBuildConfiguration;
			buildSettings = {
				ALWAYS_EMBED_SWIFT_STANDARD_LIBRARIES = YES;
				ASSETCATALOG_COMPILER_APPICON_NAME = AppIcon;
				ASSETCATALOG_COMPILER_GLOBAL_ACCENT_COLOR_NAME = AccentColor;
				CODE_SIGN_STYLE = Automatic;
				CURRENT_PROJECT_VERSION = 1;
				DEVELOPMENT_TEAM = D97HLWHSV2;
				GENERATE_INFOPLIST_FILE = YES;
				IBSC_MODULE = SmokeOut_WatchKit_Extension;
				INFOPLIST_KEY_CFBundleDisplayName = "SmokeOut WatchKit App";
				INFOPLIST_KEY_UISupportedInterfaceOrientations = "UIInterfaceOrientationPortrait UIInterfaceOrientationPortraitUpsideDown";
				INFOPLIST_KEY_WKCompanionAppBundleIdentifier = daniel.SmokeOut;
				MARKETING_VERSION = 1.0;
				PRODUCT_BUNDLE_IDENTIFIER = daniel.SmokeOut.watchkitapp;
				PRODUCT_NAME = "$(TARGET_NAME)";
				SDKROOT = watchos;
				SKIP_INSTALL = YES;
				SWIFT_EMIT_LOC_STRINGS = YES;
				SWIFT_VERSION = 5.0;
				TARGETED_DEVICE_FAMILY = 4;
				VALIDATE_PRODUCT = YES;
				WATCHOS_DEPLOYMENT_TARGET = 7.0;
			};
			name = Release;
		};
		3989C2D92809FAA9003AFAD1 /* Debug */ = {
			isa = XCBuildConfiguration;
			buildSettings = {
				ASSETCATALOG_COMPILER_APPICON_NAME = AppIcon;
				ASSETCATALOG_COMPILER_GLOBAL_ACCENT_COLOR_NAME = AccentColor;
				CODE_SIGN_STYLE = Automatic;
				CURRENT_PROJECT_VERSION = 1;
				DEVELOPMENT_TEAM = D97HLWHSV2;
				GENERATE_INFOPLIST_FILE = YES;
				INFOPLIST_FILE = SmokeOut/Info.plist;
				INFOPLIST_KEY_UIApplicationSupportsIndirectInputEvents = YES;
				INFOPLIST_KEY_UILaunchStoryboardName = LaunchScreen;
				INFOPLIST_KEY_UIMainStoryboardFile = Main;
				INFOPLIST_KEY_UISupportedInterfaceOrientations_iPad = "UIInterfaceOrientationPortrait UIInterfaceOrientationPortraitUpsideDown UIInterfaceOrientationLandscapeLeft UIInterfaceOrientationLandscapeRight";
				INFOPLIST_KEY_UISupportedInterfaceOrientations_iPhone = "UIInterfaceOrientationPortrait UIInterfaceOrientationLandscapeLeft UIInterfaceOrientationLandscapeRight";
				IPHONEOS_DEPLOYMENT_TARGET = 15.2;
				LD_RUNPATH_SEARCH_PATHS = (
					"$(inherited)",
					"@executable_path/Frameworks",
				);
				MARKETING_VERSION = 1.0;
				PRODUCT_BUNDLE_IDENTIFIER = daniel.SmokeOut;
				PRODUCT_NAME = "$(TARGET_NAME)";
				SDKROOT = iphoneos;
				SWIFT_EMIT_LOC_STRINGS = YES;
				SWIFT_VERSION = 5.0;
				TARGETED_DEVICE_FAMILY = "1,2";
			};
			name = Debug;
		};
		3989C2DA2809FAA9003AFAD1 /* Release */ = {
			isa = XCBuildConfiguration;
			buildSettings = {
				ASSETCATALOG_COMPILER_APPICON_NAME = AppIcon;
				ASSETCATALOG_COMPILER_GLOBAL_ACCENT_COLOR_NAME = AccentColor;
				CODE_SIGN_STYLE = Automatic;
				CURRENT_PROJECT_VERSION = 1;
				DEVELOPMENT_TEAM = D97HLWHSV2;
				GENERATE_INFOPLIST_FILE = YES;
				INFOPLIST_FILE = SmokeOut/Info.plist;
				INFOPLIST_KEY_UIApplicationSupportsIndirectInputEvents = YES;
				INFOPLIST_KEY_UILaunchStoryboardName = LaunchScreen;
				INFOPLIST_KEY_UIMainStoryboardFile = Main;
				INFOPLIST_KEY_UISupportedInterfaceOrientations_iPad = "UIInterfaceOrientationPortrait UIInterfaceOrientationPortraitUpsideDown UIInterfaceOrientationLandscapeLeft UIInterfaceOrientationLandscapeRight";
				INFOPLIST_KEY_UISupportedInterfaceOrientations_iPhone = "UIInterfaceOrientationPortrait UIInterfaceOrientationLandscapeLeft UIInterfaceOrientationLandscapeRight";
				IPHONEOS_DEPLOYMENT_TARGET = 15.2;
				LD_RUNPATH_SEARCH_PATHS = (
					"$(inherited)",
					"@executable_path/Frameworks",
				);
				MARKETING_VERSION = 1.0;
				PRODUCT_BUNDLE_IDENTIFIER = daniel.SmokeOut;
				PRODUCT_NAME = "$(TARGET_NAME)";
				SDKROOT = iphoneos;
				SWIFT_EMIT_LOC_STRINGS = YES;
				SWIFT_VERSION = 5.0;
				TARGETED_DEVICE_FAMILY = "1,2";
				VALIDATE_PRODUCT = YES;
			};
			name = Release;
		};
/* End XCBuildConfiguration section */

/* Begin XCConfigurationList section */
		3989C2962809FAA5003AFAD1 /* Build configuration list for PBXProject "SmokeOut" */ = {
			isa = XCConfigurationList;
			buildConfigurations = (
				3989C2CE2809FAA9003AFAD1 /* Debug */,
				3989C2CF2809FAA9003AFAD1 /* Release */,
			);
			defaultConfigurationIsVisible = 0;
			defaultConfigurationName = Release;
		};
		3989C2D02809FAA9003AFAD1 /* Build configuration list for PBXNativeTarget "SmokeOut WatchKit Extension" */ = {
			isa = XCConfigurationList;
			buildConfigurations = (
				3989C2D12809FAA9003AFAD1 /* Debug */,
				3989C2D22809FAA9003AFAD1 /* Release */,
			);
			defaultConfigurationIsVisible = 0;
			defaultConfigurationName = Release;
		};
		3989C2D42809FAA9003AFAD1 /* Build configuration list for PBXNativeTarget "SmokeOut WatchKit App" */ = {
			isa = XCConfigurationList;
			buildConfigurations = (
				3989C2D52809FAA9003AFAD1 /* Debug */,
				3989C2D62809FAA9003AFAD1 /* Release */,
			);
			defaultConfigurationIsVisible = 0;
			defaultConfigurationName = Release;
		};
		3989C2D82809FAA9003AFAD1 /* Build configuration list for PBXNativeTarget "SmokeOut" */ = {
			isa = XCConfigurationList;
			buildConfigurations = (
				3989C2D92809FAA9003AFAD1 /* Debug */,
				3989C2DA2809FAA9003AFAD1 /* Release */,
			);
			defaultConfigurationIsVisible = 0;
			defaultConfigurationName = Release;
		};
/* End XCConfigurationList section */
	};
	rootObject = 3989C2932809FAA5003AFAD1 /* Project object */;
}
